{
    "_meta": {
        "hash": {
            "sha256": "96623bc321d23929be8cfbd78ff191eddf3605cee0bee6cfd1f565fd86dc9d2c"
        },
        "pipfile-spec": 6,
        "requires": {
            "python_version": "3.11"
        },
        "sources": [
            {
                "name": "pypi",
                "url": "https://pypi.org/simple",
                "verify_ssl": true
            }
        ]
    },
    "default": {
        "app-common-python": {
            "hashes": [
                "sha256:1eec3bcebbdae79b13332dd300c16e2037bfd02948804a529f2005dac2a94f4d",
                "sha256:aa00beda4abcc40fdceb0a104776dbe33bc2131ea89d908716dcf47106c94dcf"
            ],
            "index": "pypi",
            "version": "==0.3.0"
        },
        "argon2-cffi": {
            "hashes": [
                "sha256:694ae5cc8a42f4c4e2bf2ca0e64e51e23a040c6a517a85074683d3959e1346c1",
                "sha256:fdc8b074db390fccb6eb4a3604ae7231f219aa669a2652e0f20e16ba513d5741"
            ],
            "markers": "python_version >= '3.8'",
            "version": "==25.1.0"
        },
        "argon2-cffi-bindings": {
            "hashes": [
                "sha256:061a6919145bbf282ebf1f9c59d3135d4833c25313c8595c0d68cf7712ddfce2",
                "sha256:0cc40f7b4050bb93eb67de95d2d759322fc7ce4930b9d645581ecf4913ec651e",
                "sha256:151dfaad9de753f4af2a7854e707e4784f2acc434340ade64239c5b104b2d605",
                "sha256:19423e5d7ac1cc354baab59eaabf18db2ec04ef6593b5abe5a34f323c4a8f87a",
                "sha256:19b562b1de4b9052ef1214a2821c44b6e6f22945daa102c32ae4eff929d8b6d8",
                "sha256:1a0a29ed86960e44eaace7e081bdfab4f08b012fd96ec8edba71e2ad020939e4",
                "sha256:1af817e84578ef8b7295ad17de0f9896e4c8520dbf2233c7aa5aa3d487256fc4",
                "sha256:1b0bcac4d490a237e18cf91f57352920c29f77f2fa39efd0813fb81298bf17ba",
                "sha256:1d98e33bd8bd67d7206c124e200bf2229c4cfa8c9c19f7b44a897f0fc71837eb",
                "sha256:21ca0396fe5ec995dd54431c32698189666f9224810acfa752e50d2bd94d9df2",
                "sha256:224865cbbcb7a2bd1356741dff12b0134df726b6d44bb7b500df8e303cbd9e81",
                "sha256:242bb0cda2ae3650764fc194593d9ea45fc9e72729acd89778c7cfe184cec2a5",
                "sha256:27f1821903e2ceadcb88ec2b45ef190897b7682449c772f4d9b53e42c520cf29",
                "sha256:28524438cd3e723f25412f63d4fd516ff5bae9ae5aa56acbe2a1404398a0cf31",
                "sha256:2b741888c93147444fdfc851abd81cc207f37f7f7da42062a00deb3888e57da8",
                "sha256:2c36ff87b5dfaa477d0bd51e9d7f6abdae7c8955d2983c97419085d842154b3e",
                "sha256:34b7d9c24a4165a2c61cc8ae11d44d48c9ce2830fb536cb7914e11fdd9962728",
                "sha256:49d525938467d52c923a890153c99087c9d5a937d1f6b585dbdba34ec82e397a",
                "sha256:4f84cdd868978d7b7350a566c254042d44216d9e37f241f3a6d3b1dfebeede35",
                "sha256:62ff20cd130c956c7c9144d5fe35228f98b51c579b2439e988b27ef93e16c02a",
                "sha256:63505c71542a44b68b1e38060450fb006404170da375feb31af153e7f9c6205d",
                "sha256:6376d4b3aca039375ca8bf92f770da0ec424a1ce3a37077a8d3c557411aa56ca",
                "sha256:6a4e68eed961a8de6928d1c17ff3dc2a547e0e923c17f8f1cd79fb7bc9502f98",
                "sha256:6ab674f668d5962a3a4136ae0812519b0f1586874263723a32181d60d64137e1",
                "sha256:7014ab7e6f5d8511af92544667a0346ea6dfc314ea9a7cad1dba9fdb5c9a6e33",
                "sha256:76ae29acace5d33355344612844d588e19deaaba4639d8bb01601e4b1418ef36",
                "sha256:78de2d65e0b9ea7ce9d1b1c3e87297b2d7305a02c266ee2a2d6910daddd7ee69",
                "sha256:9bacedc04b0402837586a17f0919e3dfdd95291f441f1f56bd80ec274c2840a1",
                "sha256:a86c069c91a747a2c4e5c51473590aeb48172fff9b2130d23729a42d98665ecb",
                "sha256:ac82fc756a446b6ccd7139ce70efa9d8bbe541e7ad579a12dcb52764b7175c5f",
                "sha256:af11ac37a7c53dc16cb7950a6190851b0870fe218b6c60c0bb7ac355234e3083",
                "sha256:b70225b5fd1e0d2ef4f7fd30d24658454535f0924dff0caca5dc08efbbbadfbb",
                "sha256:c49e853a3bef9dd10329f31f702e7fa9b5c58229ff9c2ff6d069efaf09177c08",
                "sha256:ccaf0a46cbb380f1fd102a874e32aa629fd3cb0c0e94f4943fa1f6d5edc5dac6",
                "sha256:d157ddfab1e8b21f2f1dedda9c09645d98b5ed0b667b0626be600a345d426440",
                "sha256:d88e5f7e60f28ae0b0cc6b2f16c43e87cd642a196a86f85e0d8bb6fe016fc16d",
                "sha256:db0fcd827ca61622a01b220aadfbece01939acf53888f2cb98cd93e9b1e2c97e",
                "sha256:df612391feca41c44d20118f3b88d1b86419465cd1f5496859f715ca60ec2210",
                "sha256:f0c3103fcff20183e593459cfea6e012281c0e76ae3ed8b5565ad1b92eac3990",
                "sha256:f9c4420a7a864fe1b86ce35befc95b8e39fb852493b81cf798671ddc265de638",
                "sha256:ffff613aaa9ce6236766e2fc6dc560bb5abde7a2e2416e3db1f9ae395a2b4dd4"
            ],
            "markers": "python_version >= '3.10'",
            "version": "==26.1.0"
        },
        "certifi": {
            "hashes": [
                "sha256:62f22742b58a1a33014a2b6b706588a8d7e2a88ae7bd1a6ebe8c992928483775",
                "sha256:741e2c3b351ddf169a738da9f2c048608ff7f2c5cc02f1ebc6b118bb090d5d55"
            ],
            "markers": "python_version >= '3.7'",
            "version": "==2026.7.22"
        },
        "cffi": {
            "hashes": [
                "sha256:046bfc24911b37851ee1b51aab8bffe713d89c68c6a057b09484ce9fd5f69b4e",
                "sha256:06c72bb76605a4b0cd0aad6930b69d4baf7dd5d806cfc409b824191099700e66",
                "sha256:0beceaabe56af686895136a2de78db54ecd8e4046b236b8fd6d6cb61389e9bf2",
                "sha256:154852545011f779917b11c78db2358d095da62a9a172b78ad0a583ee5adc0d0",
                "sha256:194cffa889098ced9976c3fc6340305e43f6303657d298da55366907c05c22d6",
                "sha256:19ee6127ee34de7d83ce3d371ebc5ed91addbdcc39f9ab15ce4eb35a4e534971",
                "sha256:1a18a57b58cfb21fc28d72e876acf10eaed67a1ed96226f92af4df681d571c4c",
                "sha256:1aa5645c30469b09530c4ebca77ebf8f17618293c58f8549cb1a543a50236e7d",
                "sha256:1dea0e4d7d4f11f619fe8c1d76caf49e24405b4b5743c0e3be16a500ecd930c9",
                "sha256:208f941bb9d18e768138677f0a6d2ce01f590df56043dda1df1535ac57c88517",
                "sha256:210019b6c7cf07f081b4c54635c8cf744377001350e29cc0f81c4377b4797735",
                "sha256:246fa40ce8645a614ff682e0b70f37134e460eaf93a775e0cbe3cca585a67a80",
                "sha256:25792eac27877609e7bb06d42ff88278a6624fff2ba9bbb523c09616b117e80f",
                "sha256:27350daa11d4f10c540e6e89dada4c54feb7256ad03e9a4dc075ebad7ba360d1",
                "sha256:28907ab9bfb6aa13184cfc17c6b8e1023c5ab6fd7076d8c20a35e59fe04f8f29",
                "sha256:2ae64be792b8966f2c69538199728b290e34726562896df1e5dc8ffd8d8188e8",
                "sha256:31348097ff5bbe827ccc41795d4dd099d9f0625e7def00ee653c137a490c2a6c",
                "sha256:3143d81e29e1e20a9ce10901ec369012947876596f75a222235965f2b7ae832e",
                "sha256:3222ba5d678f80a030e6afbcc33dc1ae5cb45facabb61cee2c7016b8432fde48",
                "sha256:3311ed60d36f83378794e1009ac6258bafbf81f7888b4caa7b35a521e3f95813",
                "sha256:334644fbac4eff73d985a17a91226df55d0f394160c4cfb880e084c8f7161cac",
                "sha256:34e261f78cb6ceaaa36f42f2613f4380d94d9c759a9c73c769ee6e0247364632",
                "sha256:363e05fa78e15116c3c32c210ee36884fd6b9afa6d440e47112c3bd511d64cb6",
                "sha256:398aff33cee2767e3e781d2554c54bd0dff386bb437581e0d8011fde1a942ec1",
                "sha256:3d22a20b1fb1632cc72c22f95f7b0d2961c3e1c235f245ba4c606c4771035659",
                "sha256:42a494cee34437f05546455144f2b5d9ac09b1face62bcfce597d2e521066688",
                "sha256:42e2f76b9455f5a9a844f770bf3e200ed3da0e15f5df3db9c31fe80b04b3d004",
                "sha256:42f6930c31dc7f50732c9ae793c2786c7b6b044195967bbdde40bb9be81c4cc0",
                "sha256:456a61fa52d579ebf9df2e9552ead5129855dbaff6c1e5a9b1bc408809bdc062",
                "sha256:471cee653ae88de62096552e6d24ccb4a5adb8c8c9f10b5054d0122c15bf2779",
                "sha256:49cbc70e6542d4ccccb936558d1064a8012541e78f821f955cff24e357776c94",
                "sha256:4a7c934f7360e8cd64fe9efadcbd10c7c6364f531e432b9a4bf5ccbc9e0e8b50",
                "sha256:4be96343e422f2dfcd12ab5c9f5aebe03f82f737c6bffeca6830b3875cb44aab",
                "sha256:4f42141fc14250de6dde5ee7ea4432be017252d91f19c5ad043c084cea629cac",
                "sha256:507a24c282e0f42f8ed737cf048572cbf580468da5555764a8331735e9c736b6",
                "sha256:51b31d1c98274844cfd7838ce00bfc27c7423a4dc00fc0772fc3331c2cc90676",
                "sha256:58acb8ab8e295e6c5ea12f888cbb13cf21511ef2a3303a23f4325c29d17fe5c1",
                "sha256:5a59cc1c4442bc3d5c703bf720b51138d0bfc173618807c9ee2490a7541dd3d9",
                "sha256:5bb4e7ea95dcd6a014a6fef62e62467d67d8e582326443f3d68e71d6320a9fcf",
                "sha256:5c58fe613dc5e5336357eff555824a314d8e43282600435c8d1cb6a7a2fedd13",
                "sha256:5e7cecbaadb83884793e05828cee59b210b24583b9c7425d0ba6a754fe22eb4e",
                "sha256:616f097f2fe415bc92a247f02e11f634e1f9e9a83d327e3c915c15089c87869e",
                "sha256:63bbfd5ded17c4840ac07cd8f1c21ba9d9708141f840b324f422f41b207e3973",
                "sha256:64faea20f4e2613363a1a9b9c7dd73058f3ecd00133a511e72ad7c511658f527",
                "sha256:661c298b4821edebead0c91edd2b00374d67ad7c5a1f7a91d4442633b79d6a72",
                "sha256:68e62fe11f30d5ca8289242866f0a5291402d8529ca2178ab8afc5c9694ae890",
                "sha256:6a8dddef476fab96d066d578fc88526767b836ab5ab21754e1d5bf3879c31c7c",
                "sha256:6e192623c49c94421616a5778fba35cf0d5a8d000650c1967ef4448ee5cdd990",
                "sha256:7225e4514edb64eb6740324353e0da0711954fd8d7da4576755b1c6e09b697cd",
                "sha256:75f80557d1389eddbd0de2681f6a390a0c5338c31ddaa821381c203fc3fd50d9",
                "sha256:770de9db11e84213beec501cfcaa013b019820ca881e03344dea5844f7876d94",
                "sha256:7750c6449dff7864bb9bb27ddfb0267756189201a3afc911d82b3caacd70dfc3",
                "sha256:7bde5e4cc5c10140859842b9d383af292b22639a4dffb725314baf45968cef80",
                "sha256:7ce713ace7c0e4520535b42b77eaa742c16dab813978064913e5a3cf82973b41",
                "sha256:7da0c5eff80f0197f3b3d1232ec5a682a9325f4ae9016a78f5f5ca35f9ced1f5",
                "sha256:7dbb61fe3a7699468030f71bbe5f8a0e326a151daa91beb11a6fc1f980c55e1c",
                "sha256:811bd1e21d32de12efca32393a0ab3f5133b54fce9bd44b8bd77ab07da14bf6a",
                "sha256:8ef53b2de9bcb9197d31854256575d59dbac0cba72ac627bb291ef5eceb74be4",
                "sha256:937c0052c05a31ca1daf18de3158eed4dbfcb9cc107adbea227728d647be701e",
                "sha256:9d2055050ea716bd38b7f7f1579c275386646b4894c155a3e2f3cd62ed41b7c6",
                "sha256:9f8d177621de5cb38ee3e731eda45d421db093ec0739f46a5594babda7987a98",
                "sha256:a2d7755bef5a12ed488f4ef1f1b69ee9191d7396083b755a5d2295f6edb4768b",
                "sha256:a48d62ab9d6f4f98c983223a547af44be6ca3691074c31cecced6facd3ba2dc1",
                "sha256:a4f00aa42f75d6e4595e8866e748cc1705adc0cddfeb2ca86d0d03993d63ba03",
                "sha256:a6e721d4b0e45d5b65e87534470e67b18dcd092c83f68fba09f152b9cbc061af",
                "sha256:a730a083190634c65cca36ba5f489531576ebd79bcd5c8e172130f6453127231",
                "sha256:a931079504ecc49efed7744c476a5c343a92fabf66dec2db95edb1b2fdc770e2",
                "sha256:aa9511c62d14da7aacc9b4bf51f3f697a621e83b2d6919008243c3aad168eea3",
                "sha256:ab36d55f9ed2d067327667c2fea18dda018eb628dd6347aa01dda6cf1f5d3836",
                "sha256:ad2c86c495b899d862ea0f4b42891b8713a3bd45dd4105c7fd51c2a72f39f3a5",
                "sha256:aeae0e330c9f6acd681f647d46cefd30c29f93e3392882e792e82080c9691399",
                "sha256:b0431303acaea1089ad4b3e9ce4e6518193def1118d4073ca848635ee4ea2e96",
                "sha256:b5bdfd1c873d4e093aabc0ca84c4ca6dbc4f752afb5c86f146d9742580c9da2e",
                "sha256:baed1e86cc735622097354b9d1281406caf42ff42a886d29faa8e8d1630333be",
                "sha256:c1453022f490d2459a11819d83ad1d586e9ff65a12ac3e705ffebd46d3685dcf",
                "sha256:c26608d2222fb1e94487e4a387d85f13eb55d5ed725cb25a0c589ac4ee60e7bc",
                "sha256:c7659f22557c5a0bc4855cd635f55edec690cc008a40768527762cb9fb263455",
                "sha256:c8c69575568085ba0b1b10c0249d779a214aea6f6522e949a0fc9fb0fcb449d0",
                "sha256:c8d2c9fd1f2d16f780d15127abb050d13d1a76c03a4bd87d7e4980e45e511e12",
                "sha256:ca82be1a1d406ecfe1d25dc16cb33488e5a16bf4438c9fb590484ea29d92478b",
                "sha256:cc572dace3f60ef98d7b12ff411d20f5362feb31a0439eab0085bbfd349982d7",
                "sha256:d18e5ac0f2f03f4f518d3e23db0f0cad7faa1da8620e9c09461d443bbf6e6692",
                "sha256:d28630f5854ab07ab1fd4aba756de52326c82e6be15d414b12793f1975048b54",
                "sha256:d9c275eaacd24aa73f94ffd6de08fc3f932424d8b6c376f4bed7cde376fe7bc3",
                "sha256:da0e573f9f97159390c89d9f1a9e41908b66d408cc5b58d08cf3847d844c531b",
                "sha256:dd31f52ea1086513bb9df30f8fcee9b8918323ae067a3d5b78bc826a000712be",
                "sha256:dddad92b554513a31f272570678ba307fb9f618f05e3d4a5eacafff9eae03e1d",
                "sha256:df423d40ee8654634421812bc3b196da3f9bd7d32929da813f8394c4348a5358",
                "sha256:df913725b79db7bcf03448f36b7bf8815363417d5b58deecf9305e3e30f0f21a",
                "sha256:e0bcb7e0f677f543555d2adff3bf19c05f66cdb4796e5ff602442ab2fe3c4ef7",
                "sha256:e2d65b31f36619cda3999b78b2aa9632e76b78448e7a56fc4240824200e7c4fc",
                "sha256:e6e8cff14d6fb0be70a09c0bdc58096f501952d04624ebf867e0e56da2df8960",
                "sha256:f16c709686a78c727bbbf059f92b0bf41c6fc60deec706d2dc19f529175a6125",
                "sha256:f24fb43132a4c6b4cb4eb029492919b2db645be6808d738f244fd146c03c32cb",
                "sha256:f53e442b08449d42821fa4a4fba000095af9f62742a500f978a9f557ec44339a",
                "sha256:f5cfbc5fe74540d335175b656c725d74d90e3730c626d92575eea35029d9afaa",
                "sha256:f81b3b8f3d4e343550fa4baa0e479bba9f2d29ce9c2e9b51d1ce1718d7442fcf",
                "sha256:f8ec5e643a9a937f64e1999eb9f75d072263751912dc5cd06d3c85f8f44be7c3",
                "sha256:fb92203a88b3d3053034db775110081c49d28be6551923805e039924093761e4",
                "sha256:fcd22650c908d7b7da162bbfaab594a1227a15d1643a98c68b122ac642fa2264"
            ],
            "markers": "python_version >= '3.10'",
            "version": "==2.1.1"
        },
        "cfgv": {
            "hashes": [
                "sha256:a8dc6b26ad22ff227d2634a65cb388215ce6cc96bbcc5cfde7641ae87e8dacc0",
                "sha256:d5b1034354820651caa73ede66a6294d6e95c1b00acc5e9b098e917404669132"
            ],
            "markers": "python_version >= '3.10'",
            "version": "==3.5.0"
        },
        "distlib": {
            "hashes": [
                "sha256:4b0ce306c966eb73bc3a7b6abad017c556dadd92c44701562cd528ac7fde4d5b",
                "sha256:f152097224a0ae24be5a0f6bae1b9359af82133bce63f98a95f86cae1aede9ed"
            ],
            "version": "==0.4.3"
        },
        "filelock": {
            "hashes": [
                "sha256:323fab3b2fb22d889b29fa83774f60029addddb4b6a1bcfa1e73066eabffb5f2",
                "sha256:9b139fb93b2ac5807f7feaf63aa4546fbd74074a2d3f554c040f40a4694d7b9f"
            ],
            "markers": "python_version >= '3.10'",
            "version": "==4.0.6"
        },
        "identify": {
            "hashes": [
                "sha256:6a16b69b93187244e0548cbfd25b3e4a6f9a7a2ad784625c3bec2b8d27b81aaa",
                "sha256:ad729860a923858d26917c2f4fb0a1d83d27a75b1e090c06440c573f048f3285"
            ],
            "markers": "python_version >= '3.10'",
            "version": "==2.6.20"
        },
        "minio": {
            "hashes": [
                "sha256:95898b7a023fbbfde375985aa77e2cd6a0762268db79cf886f002a9ea8e68598",
                "sha256:eb33dd2fb80e04c3726a76b13241c6be3c4c46f8d81e1d58e757786f6501897e"
            ],
            "index": "pypi",
            "markers": "python_version >= '3.9'",
            "version": "==7.2.20"
        },
        "nodeenv": {
            "hashes": [
                "sha256:3ce8fe5b71d16e8af7039ca65257354100bc772965d6bc549070649e53b1b146",
                "sha256:edaa16e6c14d7cf395d75d4bbd5a26390f4dc06501a33b4e76282b02cc688a25"
            ],
            "markers": "python_version >= '2.7' and python_version not in '3.0, 3.1, 3.2, 3.3, 3.4, 3.5, 3.6'",
            "version": "==1.11.0"
        },
        "platformdirs": {
            "hashes": [
                "sha256:38da801a4af303033cbffccb39030db22bf0473e6414309b02acebeee7ca8bf1",
                "sha256:7f251621befae78b2cb74616f9fc99d3fa3db0afba5035987731f8dcd430337d"
            ],
            "markers": "python_version >= '3.10'",
            "version": "==4.12.1"
        },
        "pre-commit": {
            "hashes": [
                "sha256:8f5d7bfb021ecdbcd9d49d89847082dd24172ccde534390081a679ad046e2441",
                "sha256:e2dde9a75d3bce11bd3831c26d134df00a2803c1d818be6a0383c3dcda25dc4e"
            ],
            "index": "pypi",
            "markers": "python_version >= '3.10'",
            "version": "==4.6.2"
        },
        "prometheus-client": {
            "hashes": [
                "sha256:04a91bcf94e2cf74a44a1a874d651a2e853ed354b6e822f3b7487751465d5c2b",
                "sha256:fa93d06737aa02bacd05794768508bb97d2fbee28cb3bca04eaae92f0ca953d6"
            ],
            "index": "pypi",
            "markers": "python_version >= '3.9'",
            "version": "==0.26.0"
        },
        "psycopg2-binary": {
            "hashes": [
                "sha256:0405dd4d97720e7ab177aa02e493f524907c4cb3c445ac173e2627948d3d0528",
                "sha256:0463c00f946517f3e69192a59e6601e023ff9de45ad0a875eda3d6b1bebeb7ce",
                "sha256:07b7bd9f410650c34c3532162cc329f112368d78a3fc8668cb1ea9df61bc11bf",
                "sha256:086659ab083119f7ee87a779e31b94211cf162b708fc9a6bec771f75c73ac3e6",
                "sha256:08d3b81a6a91775c937abf97d4c58fc9142e8e35fb91c387d24f81d15c98e6cf",
                "sha256:0a6444ac48e2c04f691c2ddd542b38ba30c89463a2d446b3d74ec7d8fc90c964",
                "sha256:0ebcf3c4266a695df9d0ef51296155f60c86ac51cf82f0d0dd2e827255a891c5",
                "sha256:13d955f6054a705a19554364fe9888d0a6e8b0746dc7ebc08a447c7b4fd4145c",
                "sha256:1752b9821f1377404d65ac43af03d59a1eccc57fb2c1eb8305f9a3fe8eb7a8ba",
                "sha256:190c18b97d9ef72f2e88c451b6588af90d6bd7bf54cb94b963280dc86a2c7076",
                "sha256:1f4c7bdbafdf9dc018efbc29213b73f8308332888ba76a4cf503f560bfd21705",
                "sha256:202dedd5cadb3e5dfd4d0415ab2fc5d5b44f4208de5308938e3e74ae222b638e",
                "sha256:215777c62ce81c3b487cefdb6a41969944eb982309f91349ff3ca0323d6f17ed",
                "sha256:27e539b4cafd5e03dcd32921db1b12dd72fe549dd06bae6d4d2a5b5838465f24",
                "sha256:28eb30bf4a52c1117406f45771038faa96f882fdeeeb0ce43b960a1dbc6c1fd2",
                "sha256:2bf9f97a6df69a5d89d054b8cf5257a0916096c479800715fbfe7974dbcb3a26",
                "sha256:2ca263643ae37998ae04d18e431df34d0d61f12b47640dab585f14b6dbe00798",
                "sha256:31db6cba66df5231dfd91d9f69188bec3fe6c8baae384e93a0ce792067ee2d98",
                "sha256:32cd049095135d2b69e824aea9056745a4aaaa9115a9febbc65584793665d0d0",
                "sha256:33a6d3c47f9655b481b2cdc1b4bf71c235e054e55663d3066036b6ce5fbe5165",
                "sha256:376ebf7d8aee4b7386b2bac31fdc27911e7e57cd0a88f1e038b8b149398ac008",
                "sha256:38397def2d794ffde9db80f63d6820253e61b17483112652a318355f51a56f50",
                "sha256:3aea95340825f5ff236e7b40f0b5602c2c77a1e95943f71fae34909834043d29",
                "sha256:3dc3372b3731b3ef23407fe06b94f640ef87a2bda242fa386033d5589c87514a",
                "sha256:3e60b06ec7f9dc3e5f1106d12706514b6d6b92c3dc438fcdf4e43e65cc660d1b",
                "sha256:3f699a5225094a5c61402984e2fc1eca20e940223e76767c88189efb0c313f69",
                "sha256:41c2eb569ebd0e1b02d30d361a46932923b193fe1b5e641fb4d547c75e218955",
                "sha256:4c0214c7da18a28d108aa7108c8a3cca8035c7911ec97ef9ec0827569c9a2720",
                "sha256:4d66bfd44a46eb88cff0287929a4193fb45166b6c1f84bb1b233cc17ece0813c",
                "sha256:4e55357d1943673d491bbabb171c891704fc6a22441fea539e05a5c27a79ea3c",
                "sha256:4ff0f575cbb14f30445858dcfdd751e043486f5290915df78a9818bc74042eff",
                "sha256:5085f7ff7b1e890f279577cedeb8c628957869a340fa34a39f7f406500b3c916",
                "sha256:541a487a9ccd72b5e38f37f27b0ce78cb7eb3e336e7b5277d45463010c03a7a8",
                "sha256:562fe2a43b30e781848dce63d9080c15414c777c96df348c4342558338cc7bf3",
                "sha256:5d89e064bb12b40cad696cf4975e6da86f8c60f14cd06cb6c1bc0a7f5d01761f",
                "sha256:5f04ae99c9fbb94c3197ec88599ed7db921f6adcddfe83687a74c7ead4037c22",
                "sha256:691da68ae5dd7c3ac77514357d35ece7b1ba8b5f3e6c92735198aa6159c355c8",
                "sha256:6e696297891b56ff0115f0665de6ad774e1e301e4f60745b8d5024001ae7c2f6",
                "sha256:6ede8595767e19d30a7e8a84a7d47bfde6176d45d194fed08dbb68d1584a780b",
                "sha256:70d091f5c3a6177fac50c0da20181ce0e0c053f1e43c872d5f75bd6d9429c020",
                "sha256:7e2405196a8cfe6cd3e54172a54452dcf85c241eaf2e9dde7190d7469f7f5ef7",
                "sha256:81404c37e0344ebcf10aac127d33d35137e5dbab1daf9f3deee46188fd5879c2",
                "sha256:81682c227cc1849c4a6adf7b85274229073bb4c9d6ad5697222c695dcea5a8a7",
                "sha256:8cb734989420c18ca1b71a82da880e11988f5ff3fcdaadd669161de3e98794ac",
                "sha256:930e7e58b33a4f9c39e7532d7a40147925cf3372baed4229cbebe0cf3ba9ce6b",
                "sha256:aa37089795bd9701576edc2eb5849ce77a439eda9dfdfa47857449332cfa5292",
                "sha256:b6ae51708201f501a171b02419d0c30878a743c369c9054eb1289f0f8d5979e2",
                "sha256:c00ebe9a2f31151aade0db233dc1446513a95e92c39ce055ee097af0ae86be1c",
                "sha256:c24c98fe1a113db287dfb1958771eafca97b7db812f23b7897c2a12b6b904c22",
                "sha256:c519e406287085f43aa0d3061936edf1ba51286093532f215315c6ab8ba92c3b",
                "sha256:d19aec88857d2a52f99eefcefdbbb45921fb2f777bee5186a355a23d9cf8a0b9",
                "sha256:d2fc9342aad969b9a28490a4c3eaba94b35beb2d26e9a39b31d1430378aa71b2",
                "sha256:d79530b4c1af657d5620a1d21b8e39f2996aa06821d5564d05b22d6b8cd413d0",
                "sha256:db31cf7f617a51625f1473d8a66fc35dac159af8b28e80bc014ed3ee994a9fbf",
                "sha256:dddfe650e7dda464d676c27fbedb5061f1ad05e1604627f54c770d7f799d36e9",
                "sha256:dde942b46ce20f6c4464cdf551f3293207f803f4e4354454eb1f5599c3eb1fa1",
                "sha256:dff5c70ed9789ccb0d97ff4a7da51dc523a255c4ec95df188fa5d44adcae4ea8",
                "sha256:e324ecf60f952d21dd11413b8bbed0951bbd99579a06fd06f28bfc37737cd373",
                "sha256:e3861eba31f8ea8663fd876166b032fd89179e42aa63764d6feb281f13f9eb60",
                "sha256:f04ada42bcd537adbaf8b7f3140237a204e452a88d0c1831cfce69f7d2e59f4e",
                "sha256:f124954a32640dfb5c000d33028f48053930d7ff226bc74cde5fb316f9c6fcb6",
                "sha256:f28b5f2fa8154d0d97e97a664136f58d1639ca008d45d6e09e69fff24826abee",
                "sha256:f3088eb80f58ed933c62d87128741d31e786edc862e23266d3c286763d646de0",
                "sha256:f47f23db2d70db39cfb714b64fd5df76595b51b2ec0a669710a78f2dceb0c3f8",
                "sha256:f4cdfe41149dcc5583a3b7a2f0ad433f75bb3afd1c7a7332e63df89b05e34666",
                "sha256:f818161d2302b3b3e9c75d5a1d0a5c5679e92e45cfec6432b9d5432dde5ff1f1",
                "sha256:feb7b1856f6ca805cc0e08739858f6cdfed8ce903390126af30343c62899a389"
            ],
            "index": "pypi",
            "markers": "python_version >= '3.10'",
            "version": "==2.9.13"
        },
        "pyarrow": {
            "hashes": [
                "sha256:0b1edbb2f385a6a65e9711b62ba86ac54a7816a3f8d17bb3e8a5929d65fb2485",
                "sha256:0b726ad7e7b669be982b0c71c07fe4b037d654354130da79a7902a669e93a66b",
                "sha256:0befcf816e45a1af33ac775a9970b749e4868a230c7372f0ae5e932bee27039f",
                "sha256:0fe7c8b6c03969b49c8c66182e4a18e3819ab92d07cfab5d8370c531b9369ef0",
                "sha256:119297a6dc197e45d9c6d4415f7814a67ffa36c180d26f68c154c58067ae782d",
                "sha256:169d3429d5be7c752125890620f75a60776d38b0035eddae939651640822332e",
                "sha256:25f8720bf6387d5dc2ebd2622112de630760419e4b66134405dd24110d15f37e",
                "sha256:31e49a7888fcdf3a835da33ae777f6bb9a866334e5a789282fc26dcf426f7f15",
                "sha256:35935cd5de130aa5cf4dea052a63e6bf2e17006c35c3a468194242b9b2bf5956",
                "sha256:38a9a4b4b9613380e200641891495a56c3d5a98a092db4a870af9975e220471d",
                "sha256:3f89685964f46e4216103c75483aac0c0692a5f72212d7ca835adba5ede56ce3",
                "sha256:4288f27577352d608ca08553b0865e4a9b3aa14820c5d95b53337218d609835b",
                "sha256:4340f0ba6c1d2e13f21658de1d7c662ca2545018568d0030a1e9afca159d87e3",
                "sha256:44a9120ce5bd81936b8ab9a88076e3fd47c2c6838e0e43630fed83626aca81d9",
                "sha256:4facd65742a024a4a366328a1d2292062d72d6e023c1b7dda8d4c37544933a25",
                "sha256:51093dd9e10325fbdb3c10a2ae7c4806e5c822d94e74ae4938b26524a3323fee",
                "sha256:514ddb60285631af068875550c90eddc181db3e8e63a032b1559be189e82f056",
                "sha256:5389cdf79447ed1515c9e31620e6e1e2302249564d603f2ad727d4f6d313e4c3",
                "sha256:59a2de54c0cbd954da861eee4d1d330f8e909c45b53455baef696380f2c55033",
                "sha256:60e89d8f13861a1f7f8d950fa54aebb8023b30734d0ac51ffa80beabe2df4bba",
                "sha256:6109c94d8b9f3b17a041daca16cacb2f651ad8f1ef70a4232c2c0f37a23da2a8",
                "sha256:62cd0d785b8aa6675ee355f9fc02252a340f4441257c42674937826fd7594325",
                "sha256:6943e2fe7954d29d84de45d29d34c8dc36ce96570e67d89aa9976e650a4a9138",
                "sha256:6a1fdfc6659b6b19022f2e50627fb5cf7156a66c46bf4299379955cbe742382a",
                "sha256:880523be3d29efcf83d3998835d206118ccf35e3871dbd2fb60408cf6b007a80",
                "sha256:8858d7bfc22e3f51529aeaa4077225029724623e4595dc9eff8c793935c34140",
                "sha256:9150a83248bfed9813ea3c3af74c3856c1984d444aa28e58bf7733b9750ddf6a",
                "sha256:9171748cdf796972d85a4b60157c279913e242992e350c90c7450182a9838b2a",
                "sha256:a4d6d5e9a3d1879a97c08ded0c797579b7965eafd0f0c26c30b45ccc06db939b",
                "sha256:a4dd8bf99a8fac133efc0ed6a92f5fddbe2adba0d0f6dd720e39ba9855cea85c",
                "sha256:aa0559502e1cd6254d6814614085dd9c5a3dd0419362978a936a3f68a9e5c3df",
                "sha256:b7a296aac7a71fa0886c08e155ddb6c636a50013f801f6178daafa0f9e726188",
                "sha256:bddd0c4f7630c2a3ddf6347c1bdaa79d97bcf6bd445f9e60c816b7d77c85a5ae",
                "sha256:bf0b672390cdcb640d7288f96b826d71ff4e9abb254a86c89890baf51a29cee6",
                "sha256:c7c534ec03c358a76ea3e505e74c1b6aef290af90c444dfd092dbfe23e755b85",
                "sha256:cab40b1edfef0262e0e5251aa2c58d75630f24d06dd7794480243acc001a1d7d",
                "sha256:cc4aa407fde9fc660be3939e49ea31f50f3e9fec17c0ec63159f7711edd3efc9",
                "sha256:d51592cb7561e87877c506113e7adbf1342ab579e6c21f0ef44b8ba41cb74c80",
                "sha256:dda9470024204d7bbf2042b47c6e8a0e47a3eeb8e34405882dfaea6577e0c153",
                "sha256:df961f2e7ae9cf496459259d798652c70625f6c080650d6952f8c04053c58ee9",
                "sha256:eb6203482ff3746a5632303a7279ae0b5a304c46985b49ed1378cb350ea6728d",
                "sha256:f3831aaa25c67a99f99dc8b05873cb9d64560390372e2aa197ce9dd4a3f06a44",
                "sha256:f729cfdbd36fd99d543b67a914d2de044c84ebe45be8b34902b299b608c15c8f"
            ],
            "index": "pypi",
            "markers": "python_version >= '3.10'",
            "version": "==25.0.1"
        },
        "pycparser": {
            "hashes": [
                "sha256:600f49d217304a5902ac3c37e1281c9fe94e4d0489de643a9504c5cdfdfc6b29",
                "sha256:b727414169a36b7d524c1c3e31839a521725078d7b2ff038656844266160a992"
            ],
            "markers": "python_version >= '3.10'",
            "version": "==3.0"
        },
        "pycryptodome": {
            "hashes": [
                "sha256:0011f7f00cdb74879142011f95133274741778abba114ceca229adbf8e62c3e4",
                "sha256:11eeeb6917903876f134b56ba11abe95c0b0fd5e3330def218083c7d98bbcb3c",
                "sha256:14e15c081e912c4b0d75632acd8382dfce45b258667aa3c67caf7a4d4c13f630",
                "sha256:156df9667ad9f2ad26255926524e1c136d6664b741547deb0a86a9acf5ea631f",
                "sha256:187058ab80b3281b1de11c2e6842a357a1f71b42cb1e15bce373f3d238135c27",
                "sha256:257bb3572c63ad8ba40b89f6fc9d63a2a628e9f9708d31ee26560925ebe0210a",
                "sha256:350ebc1eba1da729b35ab7627a833a1a355ee4e852d8ba0447fafe7b14504d56",
                "sha256:447700a657182d60338bab09fdb27518f8856aecd80ae4c6bdddb67ff5da44ef",
                "sha256:45c69ad715ca1a94f778215a11e66b7ff989d792a4d63b68dc586a1da1392ff5",
                "sha256:4764e64b269fc83b00f682c47443c2e6e85b18273712b98aa43bcb77f8570477",
                "sha256:507dbead45474b62b2bbe318eb1c4c8ee641077532067fec9c1aa82c31f84886",
                "sha256:53ecbafc2b55353edcebd64bf5da94a2a2cdf5090a6915bcca6eca6cc452585a",
                "sha256:573a0b3017e06f2cffd27d92ef22e46aa3be87a2d317a5abf7cc0e84e321bd75",
                "sha256:63dad881b99ca653302b2c7191998dd677226222a3f2ea79999aa51ce695f720",
                "sha256:64093fc334c1eccfd3933c134c4457c34eaca235eeae49d69449dc4728079339",
                "sha256:6501790c5b62a29fcb227bd6b62012181d886a767ce9ed03b303d1f22eb5c625",
                "sha256:67bd81fcbe34f43ad9422ee8fd4843c8e7198dd88dd3d40e6de42ee65fbe1490",
                "sha256:6fe8258e2039eceb74dfec66b3672552b6b7d2c235b2dfecc05d16b8921649a8",
                "sha256:763d1d74f56f031788e5d307029caef067febf890cd1f8bf61183ae142f1a77b",
                "sha256:7ac1080a8da569bde76c0a104589c4f414b8ba296c0b3738cf39a466a9fb1818",
                "sha256:865d83c906b0fc6a59b510deceee656b6bc1c4fa0d82176e2b77e97a420a996a",
                "sha256:89d4d56153efc4d81defe8b65fd0821ef8b2d5ddf8ed19df31ba2f00872b8002",
                "sha256:90460fc9e088ce095f9ee8356722d4f10f86e5be06e2354230a9880b9c549aae",
                "sha256:93837e379a3e5fd2bb00302a47aee9fdf7940d83595be3915752c74033d17ca7",
                "sha256:954af0e2bd7cea83ce72243b14e4fb518b18f0c1649b576d114973e2073b273d",
                "sha256:9a53a4fe5cb075075d515797d6ce2f56772ea7e6a1e5e4b96cf78a14bac3d265",
                "sha256:9a77627a330ab23ca43b48b130e202582e91cc69619947840ea4d2d1be21eb39",
                "sha256:a176b79c49af27d7f6c12e4b178b0824626f40a7b9fed08f712291b6d54bf566",
                "sha256:a7fc76bf273353dc7e5207d172b83f569540fc9a28d63171061c42e361d22353",
                "sha256:aa0698f65e5b570426fc31b8162ed4603b0c2841cbb9088e2b01641e3065915b",
                "sha256:b34e8e11d97889df57166eda1e1ddd7676da5fcd4d71a0062a760e75060514b4",
                "sha256:c75b52aacc6c0c260f204cbdd834f76edc9fb0d8e0da9fbf8352ef58202564e2",
                "sha256:c8987bd3307a39bc03df5c8e0e3d8be0c4c3518b7f044b0f4c15d1aa78f52575",
                "sha256:ce64e84a962b63a47a592690bdc16a7eaf709d2c2697ababf24a0def566899a6",
                "sha256:cfb5cd445280c5b0a4e6187a7ce8de5a07b5f3f897f235caa11f1f435f182843",
                "sha256:d8e95564beb8782abfd9e431c974e14563a794a4944c29d6d3b7b5ea042110b4",
                "sha256:d97618c9c6684a97ef7637ba43bdf6663a2e2e77efe0f863cce97a76af396446",
                "sha256:ddb95b49df036ddd264a0ad246d1be5b672000f12d6961ea2c267083a5e19379",
                "sha256:dea827b4d55ee390dc89b2afe5927d4308a8b538ae91d9c6f7a5090f397af1aa",
                "sha256:e3f2d0aaf8080bda0587d58fc9fe4766e012441e2eed4269a77de6aea981c8be",
                "sha256:eb8f24adb74984aa0e5d07a2368ad95276cf38051fe2dc6605cbcf482e04f2a7"
            ],
            "markers": "python_version >= '2.7' and python_version not in '3.0, 3.1, 3.2, 3.3, 3.4, 3.5, 3.6'",
            "version": "==3.23.0"
        },
        "python-dateutil": {
            "hashes": [
                "sha256:37dd54208da7e1cd875388217d5e00ebd4179249f90fb72437e91a35459a0ad3",
                "sha256:a8b2bc7bffae282281c8140a97d3aa9c14da0b136dfe83f850eea9a5f7470427"
            ],
            "index": "pypi",
            "markers": "python_version >= '2.7' and python_version not in '3.0, 3.1, 3.2'",
            "version": "==2.9.0.post0"
        },
        "python-discovery": {
            "hashes": [
                "sha256:cf87d3627dfb4412437fdd5b13eae402607722998d21567993aedbc59b23c15e",
                "sha256:d43fcdef879fe795352bd13ccf8d185ba5a9f86f36cfcd00529f596e737442b3"
            ],
            "markers": "python_version >= '3.8'",
            "version": "==1.6.1"
        },
        "pytz": {
            "hashes": [
                "sha256:464303645bafafd72418898368b2429458f709cf1eb6a15372fbcc396b64da63",
                "sha256:9d514388fbc89ca0833203464272ac485b8828568ab73532f5020f17e892a0ff"
            ],
            "index": "pypi",
            "version": "==2026.4"
        },
        "pyyaml": {
            "hashes": [
                "sha256:00c4bdeba853cc34e7dd471f16b4114f4162dc03e6b7afcc2128711f0eca823c",
                "sha256:0150219816b6a1fa26fb4699fb7daa9caf09eb1999f3b70fb6e786805e80375a",
                "sha256:02893d100e99e03eda1c8fd5c441d8c60103fd175728e23e431db1b589cf5ab3",
                "sha256:02ea2dfa234451bbb8772601d7b8e426c2bfa197136796224e50e35a78777956",
                "sha256:0f29edc409a6392443abf94b9cf89ce99889a1dd5376d94316ae5145dfedd5d6",
                "sha256:10892704fc220243f5305762e276552a0395f7beb4dbf9b14ec8fd43b57f126c",
                "sha256:16249ee61e95f858e83976573de0f5b2893b3677ba71c9dd36b9cf8be9ac6d65",
                "sha256:1d37d57ad971609cf3c53ba6a7e365e40660e3be0e5175fa9f2365a379d6095a",
                "sha256:1ebe39cb5fc479422b83de611d14e2c0d3bb2a18bbcb01f229ab3cfbd8fee7a0",
                "sha256:214ed4befebe12df36bcc8bc2b64b396ca31be9304b8f59e25c11cf94a4c033b",
                "sha256:2283a07e2c21a2aa78d9c4442724ec1eb15f5e42a723b99cb3d822d48f5f7ad1",
                "sha256:22ba7cfcad58ef3ecddc7ed1db3409af68d023b7f940da23c6c2a1890976eda6",
                "sha256:27c0abcb4a5dac13684a37f76e701e054692a9b2d3064b70f5e4eb54810553d7",
                "sha256:28c8d926f98f432f88adc23edf2e6d4921ac26fb084b028c733d01868d19007e",
                "sha256:2e71d11abed7344e42a8849600193d15b6def118602c4c176f748e4583246007",
                "sha256:34d5fcd24b8445fadc33f9cf348c1047101756fd760b4dacb5c3e99755703310",
                "sha256:37503bfbfc9d2c40b344d06b2199cf0e96e97957ab1c1b546fd4f87e53e5d3e4",
                "sha256:3c5677e12444c15717b902a5798264fa7909e41153cdf9ef7ad571b704a63dd9",
                "sha256:3ff07ec89bae51176c0549bc4c63aa6202991da2d9a6129d7aef7f1407d3f295",
                "sha256:41715c910c881bc081f1e8872880d3c650acf13dfa8214bad49ed4cede7c34ea",
                "sha256:418cf3f2111bc80e0933b2cd8cd04f286338bb88bdc7bc8e6dd775ebde60b5e0",
                "sha256:44edc647873928551a01e7a563d7452ccdebee747728c1080d881d68af7b997e",
                "sha256:4a2e8cebe2ff6ab7d1050ecd59c25d4c8bd7e6f400f5f82b96557ac0abafd0ac",
                "sha256:4ad1906908f2f5ae4e5a8ddfce73c320c2a1429ec52eafd27138b7f1cbe341c9",
                "sha256:501a031947e3a9025ed4405a168e6ef5ae3126c59f90ce0cd6f2bfc477be31b7",
                "sha256:5190d403f121660ce8d1d2c1bb2ef1bd05b5f68533fc5c2ea899bd15f4399b35",
                "sha256:5498cd1645aa724a7c71c8f378eb29ebe23da2fc0d7a08071d89469bf1d2defb",
                "sha256:5cf4e27da7e3fbed4d6c3d8e797387aaad68102272f8f9752883bc32d61cb87b",
                "sha256:5e0b74767e5f8c593e8c9b5912019159ed0533c70051e9cce3e8b6aa699fcd69",
                "sha256:5ed875a24292240029e4483f9d4a4b8a1ae08843b9c54f43fcc11e404532a8a5",
                "sha256:5fcd34e47f6e0b794d17de1b4ff496c00986e1c83f7ab2fb8fcfe9616ff7477b",
                "sha256:5fdec68f91a0c6739b380c83b951e2c72ac0197ace422360e6d5a959d8d97b2c",
                "sha256:6344df0d5755a2c9a276d4473ae6b90647e216ab4757f8426893b5dd2ac3f369",
                "sha256:64386e5e707d03a7e172c0701abfb7e10f0fb753ee1d773128192742712a98fd",
                "sha256:652cb6edd41e718550aad172851962662ff2681490a8a711af6a4d288dd96824",
                "sha256:66291b10affd76d76f54fad28e22e51719ef9ba22b29e1d7d03d6777a9174198",
                "sha256:66e1674c3ef6f541c35191caae2d429b967b99e02040f5ba928632d9a7f0f065",
                "sha256:6adc77889b628398debc7b65c073bcb99c4a0237b248cacaf3fe8a557563ef6c",
                "sha256:79005a0d97d5ddabfeeea4cf676af11e647e41d81c9a7722a193022accdb6b7c",
                "sha256:7c6610def4f163542a622a73fb39f534f8c101d690126992300bf3207eab9764",
                "sha256:7f047e29dcae44602496db43be01ad42fc6f1cc0d8cd6c83d342306c32270196",
                "sha256:8098f252adfa6c80ab48096053f512f2321f0b998f98150cea9bd23d83e1467b",
                "sha256:850774a7879607d3a6f50d36d04f00ee69e7fc816450e5f7e58d7f17f1ae5c00",
                "sha256:8d1fab6bb153a416f9aeb4b8763bc0f22a5586065f86f7664fc23339fc1c1fac",
                "sha256:8da9669d359f02c0b91ccc01cac4a67f16afec0dac22c2ad09f46bee0697eba8",
                "sha256:8dc52c23056b9ddd46818a57b78404882310fb473d63f17b07d5c40421e47f8e",
                "sha256:9149cad251584d5fb4981be1ecde53a1ca46c891a79788c0df828d2f166bda28",
                "sha256:93dda82c9c22deb0a405ea4dc5f2d0cda384168e466364dec6255b293923b2f3",
                "sha256:96b533f0e99f6579b3d4d4995707cf36df9100d67e0c8303a0c55b27b5f99bc5",
                "sha256:9c57bb8c96f6d1808c030b1687b9b5fb476abaa47f0db9c0101f5e9f394e97f4",
                "sha256:9c7708761fccb9397fe64bbc0395abcae8c4bf7b0eac081e12b809bf47700d0b",
                "sha256:9f3bfb4965eb874431221a3ff3fdcddc7e74e3b07799e0e84ca4a0f867d449bf",
                "sha256:a33284e20b78bd4a18c8c2282d549d10bc8408a2a7ff57653c0cf0b9be0afce5",
                "sha256:a80cb027f6b349846a3bf6d73b5e95e782175e52f22108cfa17876aaeff93702",
                "sha256:b30236e45cf30d2b8e7b3e85881719e98507abed1011bf463a8fa23e9c3e98a8",
                "sha256:b3bc83488de33889877a0f2543ade9f70c67d66d9ebb4ac959502e12de895788",
                "sha256:b865addae83924361678b652338317d1bd7e79b1f4596f96b96c77a5a34b34da",
                "sha256:b8bb0864c5a28024fac8a632c443c87c5aa6f215c0b126c449ae1a150412f31d",
                "sha256:ba1cc08a7ccde2d2ec775841541641e4548226580ab850948cbfda66a1befcdc",
                "sha256:bdb2c67c6c1390b63c6ff89f210c8fd09d9a1217a465701eac7316313c915e4c",
                "sha256:c1ff362665ae507275af2853520967820d9124984e0f7466736aea23d8611fba",
                "sha256:c2514fceb77bc5e7a2f7adfaa1feb2fb311607c9cb518dbc378688ec73d8292f",
                "sha256:c3355370a2c156cffb25e876646f149d5d68f5e0a3ce86a5084dd0b64a994917",
                "sha256:c458b6d084f9b935061bc36216e8a69a7e293a2f1e68bf956dcd9e6cbcd143f5",
                "sha256:d0eae10f8159e8fdad514efdc92d74fd8d682c933a6dd088030f3834bc8e6b26",
                "sha256:d76623373421df22fb4cf8817020cbb7ef15c725b9d5e45f17e189bfc384190f",
                "sha256:ebc55a14a21cb14062aa4162f906cd962b28e2e9ea38f9b4391244cd8de4ae0b",
                "sha256:eda16858a3cab07b80edaf74336ece1f986ba330fdb8ee0d6c0d68fe82bc96be",
                "sha256:ee2922902c45ae8ccada2c5b501ab86c36525b883eff4255313a253a3160861c",
                "sha256:efd7b85f94a6f21e4932043973a7ba2613b059c4a000551892ac9f1d11f5baf3",
                "sha256:f7057c9a337546edc7973c0d3ba84ddcdf0daa14533c2065749c9075001090e6",
                "sha256:fa160448684b4e94d80416c0fa4aac48967a969efe22931448d853ada8baf926",
                "sha256:fc09d0aa354569bc501d4e787133afc08552722d3ab34836a80547331bb5d4a0"
            ],
            "markers": "python_version >= '3.8'",
            "version": "==6.0.3"
        },
        "six": {
            "hashes": [
                "sha256:4721f391ed90541fddacab5acf947aa0d3dc7d27b2e1e8eda2be8970586c3274",
                "sha256:ff70335d468e7eb6ec65b95b99d3a2836546063f63acc5171de367e834932a81"
            ],
            "markers": "python_version >= '2.7' and python_version not in '3.0, 3.1, 3.2'",
            "version": "==1.17.0"
        },
        "sqlalchemy": {
            "hashes": [
                "sha256:0220e0d1d1ad2391a03cd6713ca5d795419033cc40baa1233f9ad454dffa25e6",
                "sha256:054a2c2b6cbe3ca7cb88aba9c5e2ecdbfc43656bea22326a41d09e5398c86ec4",
                "sha256:0593ed87886c44e94dfac4b22d20ed88b19a7dacd7440177d7156f9b011e4376",
                "sha256:092a743f28f3a660321e9b093144b6a5b16f08dbb9b2f52466b47a2a128475c2",
                "sha256:0b91e020ba33c0cb9842be6eb7de32dfebd9ad1e8f9a660a0fdb567fd0aeaed1",
                "sha256:0f94929be35def6580cf161f20c71930d9364d62f7040b6aed02b13fd3ca09e6",
                "sha256:0fad3dc37851b096ef72538b18152a5c1ae9c8b2013cd89f51eca83fc6eba36b",
                "sha256:1477f2f1f531697753a729dd8f3e4e98f7019086f001fdc4d50350c929871c8c",
                "sha256:18148691d761ef20a92cfc7dced305834e2c6ab4f4f3648f66f5d4028e234089",
                "sha256:1abf1acecd4d0fc34d4ab7e9cda9e849ce95b647e1a5f76db7d2a5a0bea4e1e5",
                "sha256:1ef7bc38d140b3cf08cc6e8823b8e76da2e188b5594997e2c16586c9778af472",
                "sha256:28b882509319789d52966d70164ccfc5bc1aaffc1c7f98a79bbccec13346ebd7",
                "sha256:2f0bb0502de28baed425278d4bd98658d8256419fd9ad6ca964138710f933aa0",
                "sha256:3353333f8c25fc5e0661f54630238a17b0d6600305e224400cd4642cce4af34f",
                "sha256:359e2411cf4713b4b323b3c2558a07663a19ab82a5d7b23c601e1be5432aac0c",
                "sha256:389e7098e9ae15094f222496de98b0fd211c06b896c73c6e46aa9ca5b6fcd590",
                "sha256:3ac9781474e4b6c3e184487643d47408666be794d5782165a817da63f981f89a",
                "sha256:4357c1a222e141662251a59d3702f9b124294941171dfa6bd570513e9f4905ee",
                "sha256:44dff425e7d88b04497b4317478a6af2a694327a087e6f1670a4266180838269",
                "sha256:4789593e8979d7c946da1985a560200b6ef6c3dc6dcc5442985d62c6f2908875",
                "sha256:481d926922d9bff632955ed6f07e2b87066b0d1069eb67cbc8c35e27f7fe5e1e",
                "sha256:5516bdaacf5521b7de69a5c76961fde2cdc4edcb39730eccff16246a44cb8715",
                "sha256:558d6d7d6eec0e54ed212320a587bb7f30553550396226d8488803c93757f17b",
                "sha256:57ae70935cd382cd41d84757e802687f7c5e7411aecf2b962b7bdb6ea74e088c",
                "sha256:583038541d9246dbb05fc4ab73038dc61820983c12fa5e32a3b0d903e1ba7bba",
                "sha256:597e1edf9cbe6ce63974813000c02c7a44da3d21f1da47f07174732ba188e8ae",
                "sha256:61333b2f806f64a08a1edf0b0e4271905f73c1f7e525c23da7a491f74c109835",
                "sha256:63c0291bf0f721543db3719c71f2d5ad6649f12abbcbc8324d42805dac112cbc",
                "sha256:6a261e2244fa88e6eded95a078550c0584da55db22d49b0b2db8c075788282fb",
                "sha256:6a7ff6a02a102e0575d237172e90adc96466e6ab6511eae7fd43775e6ab19db2",
                "sha256:73743f135b489d3551eeb3cbbb3756d6cc41bb68e033d2b7b2b620b11c6c9d12",
                "sha256:73b0f7cb41a3df79dc0427377a9e2a099eb15995a327120d651f21309faa662a",
                "sha256:758d52653c8902baac25269c5b7c6fca4a198e066f2212fd2ed1b98174fd7bbb",
                "sha256:7c60fb6793cf60b2733012352f0e1861c38b24727d0e37a1da1f3974eb79f0ed",
                "sha256:7ed18c0747eec4a0d8d9abe4c89d96ec0eda97721ab7d3a31d0c1ebcbf38cd2e",
                "sha256:7f15820c84b2377bcf02cf754232690ac2ad90d425978bf1e5ba30cc04f94d55",
                "sha256:842a5c00ca9719cc26fba6f401f70e4bac19dc8cc4dc36350803a03954d6aea2",
                "sha256:87d45175e8ba4a1ee027ad9307e6a4bf8a242469415f12afc9477def739474b0",
                "sha256:88cb0a27ee9571fe339d7809a40b14ff2387ea05d02629a390a03c87cc981277",
                "sha256:8a3126c1203cdfc0f00884f9e8dbe95307b813f883ee9d9691983a563ebc96f8",
                "sha256:8b0660ded5f9c090f9bf49fba78d52843ff3ca8c10f71624811f42f11655762d",
                "sha256:8d846615b89702ef5d0809e701ff5f3816b88dd02670c777adc456f6d81ef3ef",
                "sha256:9324681cf8d8e9c7f6e507fea6a8ac2215fee253340d4399645216a08b936660",
                "sha256:9dcedb4b1ad160a1297772162f9a15fc317627b76ac7c98d12c41ce38522d8ef",
                "sha256:a0421f9eedad616b04a097ae3f155c5a0a31380364369861fd6e0f46074c3fce",
                "sha256:a74c46cd93e34b912adafab98aa71c862518451a019d97f9c2f37392fc8eea3f",
                "sha256:abd893deac6b0765f51d87129c5631cc5bc8f784f8bf22a9d3903695c764bccc",
                "sha256:af189bd861bd31a84f0ba244d6db0c8aeae9e56448c9001bf02ee6a93758b39e",
                "sha256:b04365ffe57cdeaf4d0f75630332d857dde3f91336bc4bdec76c810473c9c35e",
                "sha256:b2a036e3c8b183f9c31df7611e03a4bd160e055915772bb8c13ec382da8f3571",
                "sha256:b357598df0676accd1ccfb6bbc5db53dbfb499052d2d1677adf4ce14a7180664",
                "sha256:b76d8fddf080c53f2afdea6e7149721e7b980086a2f17a9b0bdb42571a92c285",
                "sha256:c19633f7614e1af93192f89debfa5bfbfaed93c80dd8903417d1605d019958dc",
                "sha256:cf88881d593f527860fa7c63a50095496a5fa15632b1fee58e3114353f7fbc22",
                "sha256:d111318e32b4452d85b491d2ba3f39f6be2736ff858da616f0e6627bb3810145",
                "sha256:dabf6a73f2cc1fa2155b29f2a8a85afd82d8613262e6054cc3c932f5dee5d474",
                "sha256:dee7886f4725c304641929a38d1ebe163f9fb45a5c9363f34bbb85bfdcb084c5",
                "sha256:e08c92feb447b60e352c3581cc8a03119e36917b79362af62fd1a289c4d8e27b",
                "sha256:e1986faa95fd7b206e5bdd1af7f4ba9ac10f1166225fb2eca0fbca04e3851f7d",
                "sha256:e20233c7d000c006a03f3734d8e7a6e63aa878fcd3482c1f412c864a0992e5a0",
                "sha256:e37b1fe2e080bf47f3b693dfbec9aa39d3c3d52bfac3b4fef290a449570bcf3f",
                "sha256:e5274d07ae1dc5dc0e452ec24bdc97cf76ba189cab3f0c1c0386a1523240f775",
                "sha256:ea049f3e2702967414bc79f58a484dab191359267726607e6c1579a09ef93788",
                "sha256:eb2095d39baecbf8b78ea202d3d21178cc8d73e52c3b450c82feb200d5b0d1a9",
                "sha256:ee446c07db92e94af30e1390ef7d65c1172756403f743fb7d8b4fc5f377cd427",
                "sha256:eef01acb10295adfac8a960f716687052fe16f14a3f5955b56c24eefa9df7851",
                "sha256:f083b4b6a6d0061b0f9ffec0ea9ded82700a6bd11ced32ccb42f855f7806f812",
                "sha256:f2c1c27a41d1a26db380b3bad45f822d979c9608108c32ee613a418ec454ecbf",
                "sha256:f90e517b2eb9c4c40fcc978c8c242789fa6cb0064c501fd8c1515145ed5fe23d",
                "sha256:fb1f36ca818146b0e844dbde6dced65805d4ee06ce6282aa46a807f9a6619ede",
                "sha256:fcf3cbb33bb23bad75d2150157c21804618745731e9931ab27e61879a9f6123b",
                "sha256:fdef70d59afce463bedef54580ba6a832f9f2313c1d0054e15cbb4ff46f37a97"
            ],
            "index": "pypi",
            "markers": "python_version >= '3.11'",
            "version": "==2.1.1"
        },
        "typing-extensions": {
            "hashes": [
                "sha256:481caa481374e813c1b176ada14e97f1f67a4539ce9cfeb3f350d78d6370c2e8",
                "sha256:dc983d19a509c94dba722ee6abd33940f7c05a89e243c47e907eb4db6f1a43e5"
            ],
            "markers": "python_version >= '3.9'",
            "version": "==4.16.0"
        },
        "urllib3": {
            "hashes": [
                "sha256:0cf3cae568d36aa9576b28dfb35f11328f1cb974ca7647d9475ebb86c75ac6e3",
                "sha256:63bf2ead4c879426ebf22ef2a781eeb4aa3b4ae798a0435506f8687fd5bb9b63"
            ],
            "markers": "python_version >= '3.10'",
            "version": "==2.8.0"
        },
        "virtualenv": {
            "hashes": [
                "sha256:ca16ceba89e58d8e2f376769349c63f3ed66f79881ae68bc13e19a9d50e0e987",
                "sha256:e8aa144aabba43ffd9058e1fd1a02012b1915f8cb915acc16ad50aba9c13bfdc"
            ],
            "markers": "python_version >= '3.9'",
            "version": "==21.13.0"
        }
    },
    "develop": {}
}
